# This file is autogenerated, do not edit; changes may be undone by the next 'dep ensure'.


[[projects]]
  name = "github.com/davecgh/go-spew"
  packages = ["spew"]
  revision = "346938d642f2ec3594ed81d874461961cd0faa76"
  version = "v1.1.0"

[[projects]]
  branch = "master"
  name = "github.com/mattn/go-gtk"
  packages = ["glib"]
  revision = "f546757330f0b7d13aabef1a8a095c727f6cb571"

[[projects]]
  branch = "master"
  name = "github.com/mqu/go-notify"
  packages = ["."]
  revision = "ef6f6f49d093be44ff1ec9879b1a7173b8bce2c6"

[[projects]]
  name = "github.com/pmezard/go-difflib"
  packages = ["difflib"]
  revision = "792786c7400a136282c1664665ae0a8db921c6c2"
  version = "v1.0.0"

[[projects]]
  name = "github.com/stretchr/testify"
  packages = ["assert"]
  revision = "69483b4bd14f5845b5a1e55bca19e954e827f1d0"
  version = "v1.1.4"

[solve-meta]
  analyzer-name = "dep"
  analyzer-version = 1
  inputs-digest = "f23addd868cd182d8b6a434d41a84eb2672bad34b69cadf20330f48f7aad3853"
  solver-name = "gps-cdcl"
  solver-version = 1
